
Microsoft Visual Studio Solution File, Format Version 12.00
# Visual Studio Version 17
VisualStudioVersion = 17.0.31912.275
MinimumVisualStudioVersion = 10.0.40219.1
Project("{FAE04EC0-301F-11D3-BF4B-00C04F79EFBC}") = "0218ListasPilasColas", "0218ListasPilasColas.csproj", "{A4D4A004-EDAE-4EEF-AC66-639A0A1D2A84}"
EndProject
Global
	GlobalSection(SolutionConfigurationPlatforms) = preSolution
		Debug|Any CPU = Debug|Any CPU
		Release|Any CPU = Release|Any CPU
	EndGlobalSection
	GlobalSection(ProjectConfigurationPlatforms) = postSolution
		{A4D4A004-EDAE-4EEF-AC66-639A0A1D2A84}.Debug|Any CPU.ActiveCfg = Debug|Any CPU
		{A4D4A004-EDAE-4EEF-AC66-639A0A1D2A84}.Debug|Any CPU.Build.0 = Debug|Any CPU
		{A4D4A004-EDAE-4EEF-AC66-639A0A1D2A84}.Release|Any CPU.ActiveCfg = Release|Any CPU
		{A4D4A004-EDAE-4EEF-AC66-639A0A1D2A84}.Release|Any CPU.Build.0 = Release|Any CPU
	EndGlobalSection
	GlobalSection(SolutionProperties) = preSolution
		HideSolutionNode = FALSE
	EndGlobalSection
	GlobalSection(ExtensibilityGlobals) = postSolution
		SolutionGuid = {9BDB7D17-92E4-4388-9BA9-07399DE9BFD5}
	EndGlobalSection
EndGlobal
