
Microsoft Visual Studio Solution File, Format Version 12.00
# Visual Studio Version 16
VisualStudioVersion = 16.0.31424.327
MinimumVisualStudioVersion = 10.0.40219.1
Project("{FAE04EC0-301F-11D3-BF4B-00C04F79EFBC}") = "Hilos_ejemplos", "Hilos_ejemplos.csproj", "{17448636-1995-4F29-AD72-95DF1D22C495}"
EndProject
Global
	GlobalSection(SolutionConfigurationPlatforms) = preSolution
		Debug|Any CPU = Debug|Any CPU
		Release|Any CPU = Release|Any CPU
	EndGlobalSection
	GlobalSection(ProjectConfigurationPlatforms) = postSolution
		{17448636-1995-4F29-AD72-95DF1D22C495}.Debug|Any CPU.ActiveCfg = Debug|Any CPU
		{17448636-1995-4F29-AD72-95DF1D22C495}.Debug|Any CPU.Build.0 = Debug|Any CPU
		{17448636-1995-4F29-AD72-95DF1D22C495}.Release|Any CPU.ActiveCfg = Release|Any CPU
		{17448636-1995-4F29-AD72-95DF1D22C495}.Release|Any CPU.Build.0 = Release|Any CPU
	EndGlobalSection
	GlobalSection(SolutionProperties) = preSolution
		HideSolutionNode = FALSE
	EndGlobalSection
	GlobalSection(ExtensibilityGlobals) = postSolution
		SolutionGuid = {0D4153B3-2674-476C-BCDF-A1540BB6411C}
	EndGlobalSection
EndGlobal
